
Microsoft Visual Studio Solution File, Format Version 12.00
# Visual Studio Version 17
VisualStudioVersion = 17.5.33502.453
MinimumVisualStudioVersion = 10.0.40219.1
Project("{9A19103F-16F7-4668-BE54-9A1E7A4F7556}") = "MauiSampleLogin", "MauiSampleLogin\MauiSampleLogin.csproj", "{043727B2-4853-43C1-BDF1-E09AD7FA31EA}"
EndProject
Project("{9A19103F-16F7-4668-BE54-9A1E7A4F7556}") = "MauiSampleLogin.Tests", "MauiSampleLogin.Tests\MauiSampleLogin.Tests.csproj", "{63BE9892-A7E5-4FD0-9C0B-375EBC7EE8F4}"
EndProject
Global
	GlobalSection(SolutionConfigurationPlatforms) = preSolution
		Debug|Any CPU = Debug|Any CPU
		Release|Any CPU = Release|Any CPU
	EndGlobalSection
	GlobalSection(ProjectConfigurationPlatforms) = postSolution
		{043727B2-4853-43C1-BDF1-E09AD7FA31EA}.Debug|Any CPU.ActiveCfg = Debug|Any CPU
		{043727B2-4853-43C1-BDF1-E09AD7FA31EA}.Debug|Any CPU.Build.0 = Debug|Any CPU
		{043727B2-4853-43C1-BDF1-E09AD7FA31EA}.Debug|Any CPU.Deploy.0 = Debug|Any CPU
		{043727B2-4853-43C1-BDF1-E09AD7FA31EA}.Release|Any CPU.ActiveCfg = Release|Any CPU
		{043727B2-4853-43C1-BDF1-E09AD7FA31EA}.Release|Any CPU.Build.0 = Release|Any CPU
		{043727B2-4853-43C1-BDF1-E09AD7FA31EA}.Release|Any CPU.Deploy.0 = Release|Any CPU
		{63BE9892-A7E5-4FD0-9C0B-375EBC7EE8F4}.Debug|Any CPU.ActiveCfg = Debug|Any CPU
		{63BE9892-A7E5-4FD0-9C0B-375EBC7EE8F4}.Debug|Any CPU.Build.0 = Debug|Any CPU
		{63BE9892-A7E5-4FD0-9C0B-375EBC7EE8F4}.Release|Any CPU.ActiveCfg = Release|Any CPU
		{63BE9892-A7E5-4FD0-9C0B-375EBC7EE8F4}.Release|Any CPU.Build.0 = Release|Any CPU
	EndGlobalSection
	GlobalSection(SolutionProperties) = preSolution
		HideSolutionNode = FALSE
	EndGlobalSection
	GlobalSection(ExtensibilityGlobals) = postSolution
		SolutionGuid = {50FEA64C-0ACE-4406-AD43-DC8C357E66FB}
	EndGlobalSection
EndGlobal
